
Microsoft Visual Studio Solution File, Format Version 12.00
# Visual Studio Version 16
VisualStudioVersion = 16.0.32802.440
MinimumVisualStudioVersion = 10.0.40219.1
Project("{FAE04EC0-301F-11D3-BF4B-00C04F79EFBC}") = "MTS", "MTS\MTS.csproj", "{1B9CE657-99EB-492A-A69F-4A6E931BF8DF}"
EndProject
Global
	GlobalSection(SolutionConfigurationPlatforms) = preSolution
		Debug|Any CPU = Debug|Any CPU
		Release|Any CPU = Release|Any CPU
	EndGlobalSection
	GlobalSection(ProjectConfigurationPlatforms) = postSolution
		{1B9CE657-99EB-492A-A69F-4A6E931BF8DF}.Debug|Any CPU.ActiveCfg = Debug|Any CPU
		{1B9CE657-99EB-492A-A69F-4A6E931BF8DF}.Debug|Any CPU.Build.0 = Debug|Any CPU
		{1B9CE657-99EB-492A-A69F-4A6E931BF8DF}.Release|Any CPU.ActiveCfg = Release|Any CPU
		{1B9CE657-99EB-492A-A69F-4A6E931BF8DF}.Release|Any CPU.Build.0 = Release|Any CPU
	EndGlobalSection
	GlobalSection(SolutionProperties) = preSolution
		HideSolutionNode = FALSE
	EndGlobalSection
	GlobalSection(ExtensibilityGlobals) = postSolution
		SolutionGuid = {1252182B-2712-4243-AF33-2212BD44CD0D}
	EndGlobalSection
EndGlobal
